
Microsoft Visual Studio Solution File, Format Version 12.00
# Visual Studio 15
VisualStudioVersion = 15.0.28010.2036
MinimumVisualStudioVersion = 10.0.40219.1
Project("{FAE04EC0-301F-11D3-BF4B-00C04F79EFBC}") = "HC8", "HC8\HC8.csproj", "{1B14A909-170F-46B8-A2E7-22E0EC2BE6E4}"
EndProject
Global
	GlobalSection(SolutionConfigurationPlatforms) = preSolution
		Debug|Any CPU = Debug|Any CPU
		Release|Any CPU = Release|Any CPU
	EndGlobalSection
	GlobalSection(ProjectConfigurationPlatforms) = postSolution
		{1B14A909-170F-46B8-A2E7-22E0EC2BE6E4}.Debug|Any CPU.ActiveCfg = Debug|Any CPU
		{1B14A909-170F-46B8-A2E7-22E0EC2BE6E4}.Debug|Any CPU.Build.0 = Debug|Any CPU
		{1B14A909-170F-46B8-A2E7-22E0EC2BE6E4}.Release|Any CPU.ActiveCfg = Release|Any CPU
		{1B14A909-170F-46B8-A2E7-22E0EC2BE6E4}.Release|Any CPU.Build.0 = Release|Any CPU
	EndGlobalSection
	GlobalSection(SolutionProperties) = preSolution
		HideSolutionNode = FALSE
	EndGlobalSection
	GlobalSection(ExtensibilityGlobals) = postSolution
		SolutionGuid = {5F4FB945-CB02-425D-8055-A76802449D9A}
	EndGlobalSection
EndGlobal
