
Microsoft Visual Studio Solution File, Format Version 12.00
# Visual Studio 15
VisualStudioVersion = 15.0.28010.2036
MinimumVisualStudioVersion = 10.0.40219.1
Project("{FAE04EC0-301F-11D3-BF4B-00C04F79EFBC}") = "HC5", "HC5\HC5.csproj", "{01CF1ABE-1EAB-40C6-9365-C4457F93CFE9}"
EndProject
Global
	GlobalSection(SolutionConfigurationPlatforms) = preSolution
		Debug|Any CPU = Debug|Any CPU
		Release|Any CPU = Release|Any CPU
	EndGlobalSection
	GlobalSection(ProjectConfigurationPlatforms) = postSolution
		{01CF1ABE-1EAB-40C6-9365-C4457F93CFE9}.Debug|Any CPU.ActiveCfg = Debug|Any CPU
		{01CF1ABE-1EAB-40C6-9365-C4457F93CFE9}.Debug|Any CPU.Build.0 = Debug|Any CPU
		{01CF1ABE-1EAB-40C6-9365-C4457F93CFE9}.Release|Any CPU.ActiveCfg = Release|Any CPU
		{01CF1ABE-1EAB-40C6-9365-C4457F93CFE9}.Release|Any CPU.Build.0 = Release|Any CPU
	EndGlobalSection
	GlobalSection(SolutionProperties) = preSolution
		HideSolutionNode = FALSE
	EndGlobalSection
	GlobalSection(ExtensibilityGlobals) = postSolution
		SolutionGuid = {89A3CC94-3B08-4411-B448-49FBEADA3782}
	EndGlobalSection
EndGlobal
